
Microsoft Visual Studio Solution File, Format Version 12.00
# Visual Studio Version 17
VisualStudioVersion = 17.1.32421.90
MinimumVisualStudioVersion = 10.0.40219.1
Project("{FAE04EC0-301F-11D3-BF4B-00C04F79EFBC}") = "PayrollV2", "PayrollV2\PayrollV2.csproj", "{6330AACA-3A25-47A8-AB94-C03BE802D108}"
EndProject
Global
	GlobalSection(SolutionConfigurationPlatforms) = preSolution
		Debug|Any CPU = Debug|Any CPU
		Release|Any CPU = Release|Any CPU
	EndGlobalSection
	GlobalSection(ProjectConfigurationPlatforms) = postSolution
		{6330AACA-3A25-47A8-AB94-C03BE802D108}.Debug|Any CPU.ActiveCfg = Debug|Any CPU
		{6330AACA-3A25-47A8-AB94-C03BE802D108}.Debug|Any CPU.Build.0 = Debug|Any CPU
		{6330AACA-3A25-47A8-AB94-C03BE802D108}.Release|Any CPU.ActiveCfg = Release|Any CPU
		{6330AACA-3A25-47A8-AB94-C03BE802D108}.Release|Any CPU.Build.0 = Release|Any CPU
	EndGlobalSection
	GlobalSection(SolutionProperties) = preSolution
		HideSolutionNode = FALSE
	EndGlobalSection
	GlobalSection(ExtensibilityGlobals) = postSolution
		SolutionGuid = {F5959FFA-7041-497F-9E16-7518A9733E0C}
	EndGlobalSection
EndGlobal
